
Microsoft Visual Studio Solution File, Format Version 12.00
# Visual Studio Version 16
VisualStudioVersion = 16.0.31729.503
MinimumVisualStudioVersion = 10.0.40219.1
Project("{FAE04EC0-301F-11D3-BF4B-00C04F79EFBC}") = "HomeWork13", "HomeWork13\HomeWork13.csproj", "{4EAD1D57-B236-4313-9BAB-A0AE7CCEF820}"
EndProject
Global
	GlobalSection(SolutionConfigurationPlatforms) = preSolution
		Debug|Any CPU = Debug|Any CPU
		Release|Any CPU = Release|Any CPU
	EndGlobalSection
	GlobalSection(ProjectConfigurationPlatforms) = postSolution
		{4EAD1D57-B236-4313-9BAB-A0AE7CCEF820}.Debug|Any CPU.ActiveCfg = Debug|Any CPU
		{4EAD1D57-B236-4313-9BAB-A0AE7CCEF820}.Debug|Any CPU.Build.0 = Debug|Any CPU
		{4EAD1D57-B236-4313-9BAB-A0AE7CCEF820}.Release|Any CPU.ActiveCfg = Release|Any CPU
		{4EAD1D57-B236-4313-9BAB-A0AE7CCEF820}.Release|Any CPU.Build.0 = Release|Any CPU
	EndGlobalSection
	GlobalSection(SolutionProperties) = preSolution
		HideSolutionNode = FALSE
	EndGlobalSection
	GlobalSection(ExtensibilityGlobals) = postSolution
		SolutionGuid = {E92D0AFD-F246-4D02-81B6-4DFB3A186ED0}
	EndGlobalSection
EndGlobal
